
Microsoft Visual Studio Solution File, Format Version 12.00
# Visual Studio Version 17
VisualStudioVersion = 17.3.32922.545
MinimumVisualStudioVersion = 10.0.40219.1
Project("{9A19103F-16F7-4668-BE54-9A1E7A4F7556}") = "TradingPrototype", "src\TradingPrototype\TradingPrototype.csproj", "{6DEDA971-BCEC-4D71-B99E-35862F5ADD99}"
EndProject
Project("{FAE04EC0-301F-11D3-BF4B-00C04F79EFBC}") = "TradingPrototypeUnitTests", "test\TradingProtoType\TradingPrototypeUnitTests\TradingPrototypeUnitTests.csproj", "{C239CB94-D101-4231-9F6B-B53F5F00549E}"
EndProject
Global
	GlobalSection(SolutionConfigurationPlatforms) = preSolution
		Debug|Any CPU = Debug|Any CPU
		Release|Any CPU = Release|Any CPU
	EndGlobalSection
	GlobalSection(ProjectConfigurationPlatforms) = postSolution
		{6DEDA971-BCEC-4D71-B99E-35862F5ADD99}.Debug|Any CPU.ActiveCfg = Debug|Any CPU
		{6DEDA971-BCEC-4D71-B99E-35862F5ADD99}.Debug|Any CPU.Build.0 = Debug|Any CPU
		{6DEDA971-BCEC-4D71-B99E-35862F5ADD99}.Release|Any CPU.ActiveCfg = Release|Any CPU
		{6DEDA971-BCEC-4D71-B99E-35862F5ADD99}.Release|Any CPU.Build.0 = Release|Any CPU
		{C239CB94-D101-4231-9F6B-B53F5F00549E}.Debug|Any CPU.ActiveCfg = Debug|Any CPU
		{C239CB94-D101-4231-9F6B-B53F5F00549E}.Debug|Any CPU.Build.0 = Debug|Any CPU
		{C239CB94-D101-4231-9F6B-B53F5F00549E}.Release|Any CPU.ActiveCfg = Release|Any CPU
		{C239CB94-D101-4231-9F6B-B53F5F00549E}.Release|Any CPU.Build.0 = Release|Any CPU
	EndGlobalSection
	GlobalSection(SolutionProperties) = preSolution
		HideSolutionNode = FALSE
	EndGlobalSection
	GlobalSection(ExtensibilityGlobals) = postSolution
		SolutionGuid = {03FCC20B-7AF2-4B80-BFCF-BC9B3D5E17CD}
	EndGlobalSection
EndGlobal
